
Microsoft Visual Studio Solution File, Format Version 12.00
# Visual Studio Version 16
VisualStudioVersion = 16.0.29613.14
MinimumVisualStudioVersion = 10.0.40219.1
Project("{8BC9CEB8-8B4A-11D0-8D11-00A0C91BC942}") = "LL azienda", "LL azienda\LL azienda.vcxproj", "{F1377960-969A-4755-94CA-DAD9475D10B4}"
EndProject
Project("{8BC9CEB8-8B4A-11D0-8D11-00A0C91BC942}") = "Stack generico", "Stack generico\Stack generico.vcxproj", "{B2378235-7615-45C6-9EC9-ABF60872D16C}"
EndProject
Project("{8BC9CEB8-8B4A-11D0-8D11-00A0C91BC942}") = "BST", "Binary tree\Binary tree.vcxproj", "{FB04243B-1D43-4297-9266-E958DDB9C454}"
EndProject
Project("{8BC9CEB8-8B4A-11D0-8D11-00A0C91BC942}") = "Singly Linked List", "Singly Linked List\Singly Linked List.vcxproj", "{3E7BC49E-6E5E-4AE5-AE33-B4D7676FE6F1}"
EndProject
Project("{8BC9CEB8-8B4A-11D0-8D11-00A0C91BC942}") = "Reversing Linked List", "Reversing Linked List\Reversing Linked List.vcxproj", "{EC8874B7-F7FA-43D5-9EE3-4C1F12F6B163}"
EndProject
Project("{8BC9CEB8-8B4A-11D0-8D11-00A0C91BC942}") = "Circular List", "Circular List\Circular List.vcxproj", "{E6DA543C-6EF8-4E51-9D84-4D4623C4B17F}"
EndProject
Project("{8BC9CEB8-8B4A-11D0-8D11-00A0C91BC942}") = "Double linked list", "Double linked list\Double linked list.vcxproj", "{9CF342FD-85E8-4AA1-87C6-EDB7E4B62B7D}"
EndProject
Project("{8BC9CEB8-8B4A-11D0-8D11-00A0C91BC942}") = "Project1", "Project1\Project1.vcxproj", "{867E926C-1A82-4636-8DB6-5EE3DE27238D}"
EndProject
Project("{8BC9CEB8-8B4A-11D0-8D11-00A0C91BC942}") = "Heap", "Heap\Heap.vcxproj", "{5CC22AAA-EB74-41FA-A375-9352C00C9B0F}"
EndProject
Project("{8BC9CEB8-8B4A-11D0-8D11-00A0C91BC942}") = "Priority queue", "Priority queue\Priority queue.vcxproj", "{8D0B5B3A-BA15-4FAB-8DE7-C06F1D944832}"
EndProject
Project("{8BC9CEB8-8B4A-11D0-8D11-00A0C91BC942}") = "Reversing with queue", "Reversing with queue\Reversing with queue.vcxproj", "{E3FD7562-6B03-4659-886D-68C832158641}"
EndProject
Project("{8BC9CEB8-8B4A-11D0-8D11-00A0C91BC942}") = "Red-black tree", "Red-black tree\Red-black tree.vcxproj", "{06DA7F5F-FCEC-47BA-BF8A-F280D4CF510A}"
EndProject
Project("{8BC9CEB8-8B4A-11D0-8D11-00A0C91BC942}") = "RB tree", "RB tree\RB tree.vcxproj", "{B1ACAD8A-EFEF-4AF0-9BEC-BA2CAE9D1A99}"
EndProject
Project("{8BC9CEB8-8B4A-11D0-8D11-00A0C91BC942}") = "Graph_representation", "Graph_representation\Graph_representation.vcxproj", "{0FB49D0A-3808-49BE-945A-AB0C680D5BC0}"
EndProject
Project("{8BC9CEB8-8B4A-11D0-8D11-00A0C91BC942}") = "BFS", "BFS\BFS.vcxproj", "{DF173132-E762-4A7F-BDD2-B796D495CF35}"
EndProject
Project("{8BC9CEB8-8B4A-11D0-8D11-00A0C91BC942}") = "adjList", "adjList\adjList.vcxproj", "{311DE97F-3DD9-48F1-B37F-CD7691D8D3BF}"
EndProject
Global
	GlobalSection(SolutionConfigurationPlatforms) = preSolution
		Debug|x64 = Debug|x64
		Debug|x86 = Debug|x86
		Release|x64 = Release|x64
		Release|x86 = Release|x86
	EndGlobalSection
	GlobalSection(ProjectConfigurationPlatforms) = postSolution
		{F1377960-969A-4755-94CA-DAD9475D10B4}.Debug|x64.ActiveCfg = Debug|x64
		{F1377960-969A-4755-94CA-DAD9475D10B4}.Debug|x64.Build.0 = Debug|x64
		{F1377960-969A-4755-94CA-DAD9475D10B4}.Debug|x86.ActiveCfg = Debug|Win32
		{F1377960-969A-4755-94CA-DAD9475D10B4}.Debug|x86.Build.0 = Debug|Win32
		{F1377960-969A-4755-94CA-DAD9475D10B4}.Release|x64.ActiveCfg = Release|x64
		{F1377960-969A-4755-94CA-DAD9475D10B4}.Release|x64.Build.0 = Release|x64
		{F1377960-969A-4755-94CA-DAD9475D10B4}.Release|x86.ActiveCfg = Release|Win32
		{F1377960-969A-4755-94CA-DAD9475D10B4}.Release|x86.Build.0 = Release|Win32
		{B2378235-7615-45C6-9EC9-ABF60872D16C}.Debug|x64.ActiveCfg = Debug|x64
		{B2378235-7615-45C6-9EC9-ABF60872D16C}.Debug|x64.Build.0 = Debug|x64
		{B2378235-7615-45C6-9EC9-ABF60872D16C}.Debug|x86.ActiveCfg = Debug|Win32
		{B2378235-7615-45C6-9EC9-ABF60872D16C}.Debug|x86.Build.0 = Debug|Win32
		{B2378235-7615-45C6-9EC9-ABF60872D16C}.Release|x64.ActiveCfg = Release|x64
		{B2378235-7615-45C6-9EC9-ABF60872D16C}.Release|x64.Build.0 = Release|x64
		{B2378235-7615-45C6-9EC9-ABF60872D16C}.Release|x86.ActiveCfg = Release|Win32
		{B2378235-7615-45C6-9EC9-ABF60872D16C}.Release|x86.Build.0 = Release|Win32
		{FB04243B-1D43-4297-9266-E958DDB9C454}.Debug|x64.ActiveCfg = Debug|x64
		{FB04243B-1D43-4297-9266-E958DDB9C454}.Debug|x64.Build.0 = Debug|x64
		{FB04243B-1D43-4297-9266-E958DDB9C454}.Debug|x86.ActiveCfg = Debug|Win32
		{FB04243B-1D43-4297-9266-E958DDB9C454}.Debug|x86.Build.0 = Debug|Win32
		{FB04243B-1D43-4297-9266-E958DDB9C454}.Release|x64.ActiveCfg = Release|x64
		{FB04243B-1D43-4297-9266-E958DDB9C454}.Release|x64.Build.0 = Release|x64
		{FB04243B-1D43-4297-9266-E958DDB9C454}.Release|x86.ActiveCfg = Release|Win32
		{FB04243B-1D43-4297-9266-E958DDB9C454}.Release|x86.Build.0 = Release|Win32
		{3E7BC49E-6E5E-4AE5-AE33-B4D7676FE6F1}.Debug|x64.ActiveCfg = Debug|x64
		{3E7BC49E-6E5E-4AE5-AE33-B4D7676FE6F1}.Debug|x64.Build.0 = Debug|x64
		{3E7BC49E-6E5E-4AE5-AE33-B4D7676FE6F1}.Debug|x86.ActiveCfg = Debug|Win32
		{3E7BC49E-6E5E-4AE5-AE33-B4D7676FE6F1}.Debug|x86.Build.0 = Debug|Win32
		{3E7BC49E-6E5E-4AE5-AE33-B4D7676FE6F1}.Release|x64.ActiveCfg = Release|x64
		{3E7BC49E-6E5E-4AE5-AE33-B4D7676FE6F1}.Release|x64.Build.0 = Release|x64
		{3E7BC49E-6E5E-4AE5-AE33-B4D7676FE6F1}.Release|x86.ActiveCfg = Release|Win32
		{3E7BC49E-6E5E-4AE5-AE33-B4D7676FE6F1}.Release|x86.Build.0 = Release|Win32
		{EC8874B7-F7FA-43D5-9EE3-4C1F12F6B163}.Debug|x64.ActiveCfg = Debug|x64
		{EC8874B7-F7FA-43D5-9EE3-4C1F12F6B163}.Debug|x64.Build.0 = Debug|x64
		{EC8874B7-F7FA-43D5-9EE3-4C1F12F6B163}.Debug|x86.ActiveCfg = Debug|Win32
		{EC8874B7-F7FA-43D5-9EE3-4C1F12F6B163}.Debug|x86.Build.0 = Debug|Win32
		{EC8874B7-F7FA-43D5-9EE3-4C1F12F6B163}.Release|x64.ActiveCfg = Release|x64
		{EC8874B7-F7FA-43D5-9EE3-4C1F12F6B163}.Release|x64.Build.0 = Release|x64
		{EC8874B7-F7FA-43D5-9EE3-4C1F12F6B163}.Release|x86.ActiveCfg = Release|Win32
		{EC8874B7-F7FA-43D5-9EE3-4C1F12F6B163}.Release|x86.Build.0 = Release|Win32
		{E6DA543C-6EF8-4E51-9D84-4D4623C4B17F}.Debug|x64.ActiveCfg = Debug|x64
		{E6DA543C-6EF8-4E51-9D84-4D4623C4B17F}.Debug|x64.Build.0 = Debug|x64
		{E6DA543C-6EF8-4E51-9D84-4D4623C4B17F}.Debug|x86.ActiveCfg = Debug|Win32
		{E6DA543C-6EF8-4E51-9D84-4D4623C4B17F}.Debug|x86.Build.0 = Debug|Win32
		{E6DA543C-6EF8-4E51-9D84-4D4623C4B17F}.Release|x64.ActiveCfg = Release|x64
		{E6DA543C-6EF8-4E51-9D84-4D4623C4B17F}.Release|x64.Build.0 = Release|x64
		{E6DA543C-6EF8-4E51-9D84-4D4623C4B17F}.Release|x86.ActiveCfg = Release|Win32
		{E6DA543C-6EF8-4E51-9D84-4D4623C4B17F}.Release|x86.Build.0 = Release|Win32
		{9CF342FD-85E8-4AA1-87C6-EDB7E4B62B7D}.Debug|x64.ActiveCfg = Debug|x64
		{9CF342FD-85E8-4AA1-87C6-EDB7E4B62B7D}.Debug|x64.Build.0 = Debug|x64
		{9CF342FD-85E8-4AA1-87C6-EDB7E4B62B7D}.Debug|x86.ActiveCfg = Debug|Win32
		{9CF342FD-85E8-4AA1-87C6-EDB7E4B62B7D}.Debug|x86.Build.0 = Debug|Win32
		{9CF342FD-85E8-4AA1-87C6-EDB7E4B62B7D}.Release|x64.ActiveCfg = Release|x64
		{9CF342FD-85E8-4AA1-87C6-EDB7E4B62B7D}.Release|x64.Build.0 = Release|x64
		{9CF342FD-85E8-4AA1-87C6-EDB7E4B62B7D}.Release|x86.ActiveCfg = Release|Win32
		{9CF342FD-85E8-4AA1-87C6-EDB7E4B62B7D}.Release|x86.Build.0 = Release|Win32
		{867E926C-1A82-4636-8DB6-5EE3DE27238D}.Debug|x64.ActiveCfg = Debug|x64
		{867E926C-1A82-4636-8DB6-5EE3DE27238D}.Debug|x64.Build.0 = Debug|x64
		{867E926C-1A82-4636-8DB6-5EE3DE27238D}.Debug|x86.ActiveCfg = Debug|Win32
		{867E926C-1A82-4636-8DB6-5EE3DE27238D}.Debug|x86.Build.0 = Debug|Win32
		{867E926C-1A82-4636-8DB6-5EE3DE27238D}.Release|x64.ActiveCfg = Release|x64
		{867E926C-1A82-4636-8DB6-5EE3DE27238D}.Release|x64.Build.0 = Release|x64
		{867E926C-1A82-4636-8DB6-5EE3DE27238D}.Release|x86.ActiveCfg = Release|Win32
		{867E926C-1A82-4636-8DB6-5EE3DE27238D}.Release|x86.Build.0 = Release|Win32
		{5CC22AAA-EB74-41FA-A375-9352C00C9B0F}.Debug|x64.ActiveCfg = Debug|x64
		{5CC22AAA-EB74-41FA-A375-9352C00C9B0F}.Debug|x64.Build.0 = Debug|x64
		{5CC22AAA-EB74-41FA-A375-9352C00C9B0F}.Debug|x86.ActiveCfg = Debug|Win32
		{5CC22AAA-EB74-41FA-A375-9352C00C9B0F}.Debug|x86.Build.0 = Debug|Win32
		{5CC22AAA-EB74-41FA-A375-9352C00C9B0F}.Release|x64.ActiveCfg = Release|x64
		{5CC22AAA-EB74-41FA-A375-9352C00C9B0F}.Release|x64.Build.0 = Release|x64
		{5CC22AAA-EB74-41FA-A375-9352C00C9B0F}.Release|x86.ActiveCfg = Release|Win32
		{5CC22AAA-EB74-41FA-A375-9352C00C9B0F}.Release|x86.Build.0 = Release|Win32
		{8D0B5B3A-BA15-4FAB-8DE7-C06F1D944832}.Debug|x64.ActiveCfg = Debug|x64
		{8D0B5B3A-BA15-4FAB-8DE7-C06F1D944832}.Debug|x64.Build.0 = Debug|x64
		{8D0B5B3A-BA15-4FAB-8DE7-C06F1D944832}.Debug|x86.ActiveCfg = Debug|Win32
		{8D0B5B3A-BA15-4FAB-8DE7-C06F1D944832}.Debug|x86.Build.0 = Debug|Win32
		{8D0B5B3A-BA15-4FAB-8DE7-C06F1D944832}.Release|x64.ActiveCfg = Release|x64
		{8D0B5B3A-BA15-4FAB-8DE7-C06F1D944832}.Release|x64.Build.0 = Release|x64
		{8D0B5B3A-BA15-4FAB-8DE7-C06F1D944832}.Release|x86.ActiveCfg = Release|Win32
		{8D0B5B3A-BA15-4FAB-8DE7-C06F1D944832}.Release|x86.Build.0 = Release|Win32
		{E3FD7562-6B03-4659-886D-68C832158641}.Debug|x64.ActiveCfg = Debug|x64
		{E3FD7562-6B03-4659-886D-68C832158641}.Debug|x64.Build.0 = Debug|x64
		{E3FD7562-6B03-4659-886D-68C832158641}.Debug|x86.ActiveCfg = Debug|Win32
		{E3FD7562-6B03-4659-886D-68C832158641}.Debug|x86.Build.0 = Debug|Win32
		{E3FD7562-6B03-4659-886D-68C832158641}.Release|x64.ActiveCfg = Release|x64
		{E3FD7562-6B03-4659-886D-68C832158641}.Release|x64.Build.0 = Release|x64
		{E3FD7562-6B03-4659-886D-68C832158641}.Release|x86.ActiveCfg = Release|Win32
		{E3FD7562-6B03-4659-886D-68C832158641}.Release|x86.Build.0 = Release|Win32
		{06DA7F5F-FCEC-47BA-BF8A-F280D4CF510A}.Debug|x64.ActiveCfg = Debug|x64
		{06DA7F5F-FCEC-47BA-BF8A-F280D4CF510A}.Debug|x64.Build.0 = Debug|x64
		{06DA7F5F-FCEC-47BA-BF8A-F280D4CF510A}.Debug|x86.ActiveCfg = Debug|Win32
		{06DA7F5F-FCEC-47BA-BF8A-F280D4CF510A}.Debug|x86.Build.0 = Debug|Win32
		{06DA7F5F-FCEC-47BA-BF8A-F280D4CF510A}.Release|x64.ActiveCfg = Release|x64
		{06DA7F5F-FCEC-47BA-BF8A-F280D4CF510A}.Release|x64.Build.0 = Release|x64
		{06DA7F5F-FCEC-47BA-BF8A-F280D4CF510A}.Release|x86.ActiveCfg = Release|Win32
		{06DA7F5F-FCEC-47BA-BF8A-F280D4CF510A}.Release|x86.Build.0 = Release|Win32
		{B1ACAD8A-EFEF-4AF0-9BEC-BA2CAE9D1A99}.Debug|x64.ActiveCfg = Debug|x64
		{B1ACAD8A-EFEF-4AF0-9BEC-BA2CAE9D1A99}.Debug|x64.Build.0 = Debug|x64
		{B1ACAD8A-EFEF-4AF0-9BEC-BA2CAE9D1A99}.Debug|x86.ActiveCfg = Debug|Win32
		{B1ACAD8A-EFEF-4AF0-9BEC-BA2CAE9D1A99}.Debug|x86.Build.0 = Debug|Win32
		{B1ACAD8A-EFEF-4AF0-9BEC-BA2CAE9D1A99}.Release|x64.ActiveCfg = Release|x64
		{B1ACAD8A-EFEF-4AF0-9BEC-BA2CAE9D1A99}.Release|x64.Build.0 = Release|x64
		{B1ACAD8A-EFEF-4AF0-9BEC-BA2CAE9D1A99}.Release|x86.ActiveCfg = Release|Win32
		{B1ACAD8A-EFEF-4AF0-9BEC-BA2CAE9D1A99}.Release|x86.Build.0 = Release|Win32
		{0FB49D0A-3808-49BE-945A-AB0C680D5BC0}.Debug|x64.ActiveCfg = Debug|x64
		{0FB49D0A-3808-49BE-945A-AB0C680D5BC0}.Debug|x64.Build.0 = Debug|x64
		{0FB49D0A-3808-49BE-945A-AB0C680D5BC0}.Debug|x86.ActiveCfg = Debug|Win32
		{0FB49D0A-3808-49BE-945A-AB0C680D5BC0}.Debug|x86.Build.0 = Debug|Win32
		{0FB49D0A-3808-49BE-945A-AB0C680D5BC0}.Release|x64.ActiveCfg = Release|x64
		{0FB49D0A-3808-49BE-945A-AB0C680D5BC0}.Release|x64.Build.0 = Release|x64
		{0FB49D0A-3808-49BE-945A-AB0C680D5BC0}.Release|x86.ActiveCfg = Release|Win32
		{0FB49D0A-3808-49BE-945A-AB0C680D5BC0}.Release|x86.Build.0 = Release|Win32
		{DF173132-E762-4A7F-BDD2-B796D495CF35}.Debug|x64.ActiveCfg = Debug|x64
		{DF173132-E762-4A7F-BDD2-B796D495CF35}.Debug|x64.Build.0 = Debug|x64
		{DF173132-E762-4A7F-BDD2-B796D495CF35}.Debug|x86.ActiveCfg = Debug|Win32
		{DF173132-E762-4A7F-BDD2-B796D495CF35}.Debug|x86.Build.0 = Debug|Win32
		{DF173132-E762-4A7F-BDD2-B796D495CF35}.Release|x64.ActiveCfg = Release|x64
		{DF173132-E762-4A7F-BDD2-B796D495CF35}.Release|x64.Build.0 = Release|x64
		{DF173132-E762-4A7F-BDD2-B796D495CF35}.Release|x86.ActiveCfg = Release|Win32
		{DF173132-E762-4A7F-BDD2-B796D495CF35}.Release|x86.Build.0 = Release|Win32
		{311DE97F-3DD9-48F1-B37F-CD7691D8D3BF}.Debug|x64.ActiveCfg = Debug|x64
		{311DE97F-3DD9-48F1-B37F-CD7691D8D3BF}.Debug|x64.Build.0 = Debug|x64
		{311DE97F-3DD9-48F1-B37F-CD7691D8D3BF}.Debug|x86.ActiveCfg = Debug|Win32
		{311DE97F-3DD9-48F1-B37F-CD7691D8D3BF}.Debug|x86.Build.0 = Debug|Win32
		{311DE97F-3DD9-48F1-B37F-CD7691D8D3BF}.Release|x64.ActiveCfg = Release|x64
		{311DE97F-3DD9-48F1-B37F-CD7691D8D3BF}.Release|x64.Build.0 = Release|x64
		{311DE97F-3DD9-48F1-B37F-CD7691D8D3BF}.Release|x86.ActiveCfg = Release|Win32
		{311DE97F-3DD9-48F1-B37F-CD7691D8D3BF}.Release|x86.Build.0 = Release|Win32
	EndGlobalSection
	GlobalSection(SolutionProperties) = preSolution
		HideSolutionNode = FALSE
	EndGlobalSection
	GlobalSection(ExtensibilityGlobals) = postSolution
		SolutionGuid = {315701D5-69A9-47BE-B212-F87B7ACBE741}
	EndGlobalSection
EndGlobal
